
Microsoft Visual Studio Solution File, Format Version 12.00
# Visual Studio Version 16
VisualStudioVersion = 16.0.31321.278
MinimumVisualStudioVersion = 10.0.40219.1
Project("{9A19103F-16F7-4668-BE54-9A1E7A4F7556}") = "FWQ_WaitingTimeServer", "FWQ_WaitingTimeServer\FWQ_WaitingTimeServer.csproj", "{F0065E15-7AC0-4A3F-9AA0-37D2E565EB10}"
EndProject
Project("{9A19103F-16F7-4668-BE54-9A1E7A4F7556}") = "FWQ_Engine", "FWQ_Engine\FWQ_Engine.csproj", "{D453E985-1B92-4207-8CCC-B06D9317C778}"
EndProject
Project("{9A19103F-16F7-4668-BE54-9A1E7A4F7556}") = "FWQ_Registry", "FWQ_Registry\FWQ_Registry.csproj", "{3DE8F4E5-C186-40C2-9260-1F9A5E2421D0}"
EndProject
Project("{9A19103F-16F7-4668-BE54-9A1E7A4F7556}") = "FWQ_Visitor", "FWQ_Visitor\FWQ_Visitor.csproj", "{CB0EB92B-2EA7-4BFA-9646-C5BCB5E24292}"
EndProject
Project("{9A19103F-16F7-4668-BE54-9A1E7A4F7556}") = "FWQ_Sensor", "FWQ_Sensor\FWQ_Sensor.csproj", "{23457352-6F72-4D0D-88D2-458D5839731D}"
EndProject
Project("{9A19103F-16F7-4668-BE54-9A1E7A4F7556}") = "API_Engine", "API_Engine_Front\API_Engine.csproj", "{E0CC2AFA-D971-43C2-84EB-6D7427AEFEED}"
EndProject
Project("{9A19103F-16F7-4668-BE54-9A1E7A4F7556}") = "API_Registry", "API_Registry_Visitor\API_Registry.csproj", "{D63F8DF5-69EA-4ED0-B3E8-2C90D94CEC7F}"
EndProject
Project("{FAE04EC0-301F-11D3-BF4B-00C04F79EFBC}") = "Front3", "Front3\Front3.csproj", "{81F28D17-BE64-4BD5-89A5-5B6EC253C3AE}"
EndProject
Global
	GlobalSection(SolutionConfigurationPlatforms) = preSolution
		Debug|Any CPU = Debug|Any CPU
		Release|Any CPU = Release|Any CPU
	EndGlobalSection
	GlobalSection(ProjectConfigurationPlatforms) = postSolution
		{F0065E15-7AC0-4A3F-9AA0-37D2E565EB10}.Debug|Any CPU.ActiveCfg = Debug|Any CPU
		{F0065E15-7AC0-4A3F-9AA0-37D2E565EB10}.Debug|Any CPU.Build.0 = Debug|Any CPU
		{F0065E15-7AC0-4A3F-9AA0-37D2E565EB10}.Release|Any CPU.ActiveCfg = Release|Any CPU
		{F0065E15-7AC0-4A3F-9AA0-37D2E565EB10}.Release|Any CPU.Build.0 = Release|Any CPU
		{D453E985-1B92-4207-8CCC-B06D9317C778}.Debug|Any CPU.ActiveCfg = Debug|Any CPU
		{D453E985-1B92-4207-8CCC-B06D9317C778}.Debug|Any CPU.Build.0 = Debug|Any CPU
		{D453E985-1B92-4207-8CCC-B06D9317C778}.Release|Any CPU.ActiveCfg = Release|Any CPU
		{D453E985-1B92-4207-8CCC-B06D9317C778}.Release|Any CPU.Build.0 = Release|Any CPU
		{3DE8F4E5-C186-40C2-9260-1F9A5E2421D0}.Debug|Any CPU.ActiveCfg = Debug|Any CPU
		{3DE8F4E5-C186-40C2-9260-1F9A5E2421D0}.Debug|Any CPU.Build.0 = Debug|Any CPU
		{3DE8F4E5-C186-40C2-9260-1F9A5E2421D0}.Release|Any CPU.ActiveCfg = Release|Any CPU
		{3DE8F4E5-C186-40C2-9260-1F9A5E2421D0}.Release|Any CPU.Build.0 = Release|Any CPU
		{CB0EB92B-2EA7-4BFA-9646-C5BCB5E24292}.Debug|Any CPU.ActiveCfg = Debug|Any CPU
		{CB0EB92B-2EA7-4BFA-9646-C5BCB5E24292}.Debug|Any CPU.Build.0 = Debug|Any CPU
		{CB0EB92B-2EA7-4BFA-9646-C5BCB5E24292}.Release|Any CPU.ActiveCfg = Release|Any CPU
		{CB0EB92B-2EA7-4BFA-9646-C5BCB5E24292}.Release|Any CPU.Build.0 = Release|Any CPU
		{23457352-6F72-4D0D-88D2-458D5839731D}.Debug|Any CPU.ActiveCfg = Debug|Any CPU
		{23457352-6F72-4D0D-88D2-458D5839731D}.Debug|Any CPU.Build.0 = Debug|Any CPU
		{23457352-6F72-4D0D-88D2-458D5839731D}.Release|Any CPU.ActiveCfg = Release|Any CPU
		{23457352-6F72-4D0D-88D2-458D5839731D}.Release|Any CPU.Build.0 = Release|Any CPU
		{E0CC2AFA-D971-43C2-84EB-6D7427AEFEED}.Debug|Any CPU.ActiveCfg = Debug|Any CPU
		{E0CC2AFA-D971-43C2-84EB-6D7427AEFEED}.Debug|Any CPU.Build.0 = Debug|Any CPU
		{E0CC2AFA-D971-43C2-84EB-6D7427AEFEED}.Release|Any CPU.ActiveCfg = Release|Any CPU
		{E0CC2AFA-D971-43C2-84EB-6D7427AEFEED}.Release|Any CPU.Build.0 = Release|Any CPU
		{D63F8DF5-69EA-4ED0-B3E8-2C90D94CEC7F}.Debug|Any CPU.ActiveCfg = Debug|Any CPU
		{D63F8DF5-69EA-4ED0-B3E8-2C90D94CEC7F}.Debug|Any CPU.Build.0 = Debug|Any CPU
		{D63F8DF5-69EA-4ED0-B3E8-2C90D94CEC7F}.Release|Any CPU.ActiveCfg = Release|Any CPU
		{D63F8DF5-69EA-4ED0-B3E8-2C90D94CEC7F}.Release|Any CPU.Build.0 = Release|Any CPU
		{81F28D17-BE64-4BD5-89A5-5B6EC253C3AE}.Debug|Any CPU.ActiveCfg = Debug|Any CPU
		{81F28D17-BE64-4BD5-89A5-5B6EC253C3AE}.Debug|Any CPU.Build.0 = Debug|Any CPU
		{81F28D17-BE64-4BD5-89A5-5B6EC253C3AE}.Release|Any CPU.ActiveCfg = Release|Any CPU
		{81F28D17-BE64-4BD5-89A5-5B6EC253C3AE}.Release|Any CPU.Build.0 = Release|Any CPU
	EndGlobalSection
	GlobalSection(SolutionProperties) = preSolution
		HideSolutionNode = FALSE
	EndGlobalSection
	GlobalSection(ExtensibilityGlobals) = postSolution
		SolutionGuid = {BC23C85A-6A8D-49D7-A80B-7AD9680B5740}
	EndGlobalSection
EndGlobal
